{
  "version": 4,
  "terraform_version": "1.10.5",
  "serial": 10,
  "lineage": "dc0bd446-4ae9-5063-945c-9c5c503d3632",
  "outputs": {
    "database_hostname": {
      "value": "terraform-20250219065835202600000001.cpkwq8cwae88.ap-south-1.rds.amazonaws.com",
      "type": "string"
    },
    "database_password": {
      "value": "adminpwrd",
      "type": "string",
      "sensitive": true
    },
    "database_port": {
      "value": 3306,
      "type": "number"
    },
    "database_username": {
      "value": "admin_user",
      "type": "string"
    }
  },
  "resources": [
    {
      "mode": "data",
      "type": "aws_subnets",
      "name": "subnet_ids",
      "provider": "provider[\"registry.terraform.io/hashicorp/aws\"]",
      "instances": [
        {
          "schema_version": 0,
          "attributes": {
            "filter": [
              {
                "name": "vpc-id",
                "values": [
                  "vpc-08deccede978150d4"
                ]
              }
            ],
            "id": "ap-south-1",
            "ids": [
              "subnet-0f91451cf97ca5544",
              "subnet-09e0b409992b46562",
              "subnet-09664b3d076af303c"
            ],
            "tags": null,
            "timeouts": null
          },
          "sensitive_attributes": []
        }
      ]
    },
    {
      "mode": "managed",
      "type": "aws_db_instance",
      "name": "my_database",
      "provider": "provider[\"registry.terraform.io/hashicorp/aws\"]",
      "instances": [
        {
          "schema_version": 1,
          "attributes": {
            "address": "terraform-20250219065835202600000001.cpkwq8cwae88.ap-south-1.rds.amazonaws.com",
            "allocated_storage": 10,
            "allow_major_version_upgrade": null,
            "apply_immediately": false,
            "arn": "arn:aws:rds:ap-south-1:891377267912:db:terraform-20250219065835202600000001",
            "auto_minor_version_upgrade": true,
            "availability_zone": "ap-south-1b",
            "backup_retention_period": 0,
            "backup_window": "17:30-18:00",
            "blue_green_update": [],
            "ca_cert_identifier": "rds-ca-rsa2048-g1",
            "character_set_name": "",
            "copy_tags_to_snapshot": false,
            "custom_iam_instance_profile": "",
            "customer_owned_ip_enabled": false,
            "db_name": "my_database",
            "db_subnet_group_name": "main_subnet",
            "delete_automated_backups": true,
            "deletion_protection": false,
            "domain": "",
            "domain_iam_role_name": "",
            "enabled_cloudwatch_logs_exports": null,
            "endpoint": "terraform-20250219065835202600000001.cpkwq8cwae88.ap-south-1.rds.amazonaws.com:3306",
            "engine": "mysql",
            "engine_version": "8.0",
            "engine_version_actual": "8.0.40",
            "final_snapshot_identifier": null,
            "hosted_zone_id": "Z2VFMSZA74J7XZ",
            "iam_database_authentication_enabled": false,
            "id": "terraform-20250219065835202600000001",
            "identifier": "terraform-20250219065835202600000001",
            "identifier_prefix": "terraform-",
            "instance_class": "db.t3.micro",
            "iops": 0,
            "kms_key_id": "",
            "latest_restorable_time": "",
            "license_model": "general-public-license",
            "listener_endpoint": [],
            "maintenance_window": "wed:08:59-wed:09:29",
            "manage_master_user_password": null,
            "master_user_secret": [],
            "master_user_secret_kms_key_id": null,
            "max_allocated_storage": 0,
            "monitoring_interval": 0,
            "monitoring_role_arn": "",
            "multi_az": false,
            "name": "my_database",
            "nchar_character_set_name": "",
            "network_type": "IPV4",
            "option_group_name": "default:mysql-8-0",
            "parameter_group_name": "default.mysql8.0",
            "password": "adminpwrd",
            "performance_insights_enabled": false,
            "performance_insights_kms_key_id": "",
            "performance_insights_retention_period": 0,
            "port": 3306,
            "publicly_accessible": false,
            "replica_mode": "",
            "replicas": [],
            "replicate_source_db": "",
            "resource_id": "db-OODSB7DOOGDQQFVJDJ67MVACCQ",
            "restore_to_point_in_time": [],
            "s3_import": [],
            "security_group_names": null,
            "skip_final_snapshot": true,
            "snapshot_identifier": null,
            "status": "available",
            "storage_encrypted": false,
            "storage_throughput": 0,
            "storage_type": "gp2",
            "tags": null,
            "tags_all": {},
            "timeouts": null,
            "timezone": "",
            "username": "admin_user",
            "vpc_security_group_ids": [
              "sg-03be17a312cf62705"
            ]
          },
          "sensitive_attributes": [
            [
              {
                "type": "get_attr",
                "value": "password"
              }
            ]
          ],
          "private": "eyJlMmJmYjczMC1lY2FhLTExZTYtOGY4OC0zNDM2M2JjN2M0YzAiOnsiY3JlYXRlIjoyNDAwMDAwMDAwMDAwLCJkZWxldGUiOjM2MDAwMDAwMDAwMDAsInVwZGF0ZSI6NDgwMDAwMDAwMDAwMH0sInNjaGVtYV92ZXJzaW9uIjoiMSJ9",
          "dependencies": [
            "aws_db_subnet_group.aws_db_subnet_group",
            "data.aws_subnets.subnet_ids"
          ]
        }
      ]
    },
    {
      "mode": "managed",
      "type": "aws_db_subnet_group",
      "name": "aws_db_subnet_group",
      "provider": "provider[\"registry.terraform.io/hashicorp/aws\"]",
      "instances": [
        {
          "schema_version": 0,
          "attributes": {
            "arn": "arn:aws:rds:ap-south-1:891377267912:subgrp:main_subnet",
            "description": "Managed by Terraform",
            "id": "main_subnet",
            "name": "main_subnet",
            "name_prefix": "",
            "subnet_ids": [
              "subnet-09664b3d076af303c",
              "subnet-09e0b409992b46562",
              "subnet-0f91451cf97ca5544"
            ],
            "supported_network_types": [
              "IPV4"
            ],
            "tags": {
              "name": "My DB Subnet Group"
            },
            "tags_all": {
              "name": "My DB Subnet Group"
            },
            "vpc_id": "vpc-08deccede978150d4"
          },
          "sensitive_attributes": [],
          "private": "bnVsbA==",
          "dependencies": [
            "data.aws_subnets.subnet_ids"
          ]
        }
      ]
    }
  ],
  "check_results": null
}
